
Microsoft Visual Studio Solution File, Format Version 12.00
# Visual Studio Version 16
VisualStudioVersion = 16.0.31729.503
MinimumVisualStudioVersion = 10.0.40219.1
Project("{FAE04EC0-301F-11D3-BF4B-00C04F79EFBC}") = "OperaWebSite", "OperaWebSite\OperaWebSite.csproj", "{A8618E56-4A41-4DB4-8B06-C843DE0ED4A5}"
EndProject
Project("{FAE04EC0-301F-11D3-BF4B-00C04F79EFBC}") = "MVCBook", "MVCBook\MVCBook.csproj", "{87C53454-CC3F-4B48-8D7B-306F73123919}"
EndProject
Project("{FAE04EC0-301F-11D3-BF4B-00C04F79EFBC}") = "MVCClinica", "MVCClinica\MVCClinica.csproj", "{31D087EF-1156-4E05-9F3B-E5FE0ABD273A}"
EndProject
Global
	GlobalSection(SolutionConfigurationPlatforms) = preSolution
		Debug|Any CPU = Debug|Any CPU
		Release|Any CPU = Release|Any CPU
	EndGlobalSection
	GlobalSection(ProjectConfigurationPlatforms) = postSolution
		{A8618E56-4A41-4DB4-8B06-C843DE0ED4A5}.Debug|Any CPU.ActiveCfg = Debug|Any CPU
		{A8618E56-4A41-4DB4-8B06-C843DE0ED4A5}.Debug|Any CPU.Build.0 = Debug|Any CPU
		{A8618E56-4A41-4DB4-8B06-C843DE0ED4A5}.Release|Any CPU.ActiveCfg = Release|Any CPU
		{A8618E56-4A41-4DB4-8B06-C843DE0ED4A5}.Release|Any CPU.Build.0 = Release|Any CPU
		{87C53454-CC3F-4B48-8D7B-306F73123919}.Debug|Any CPU.ActiveCfg = Debug|Any CPU
		{87C53454-CC3F-4B48-8D7B-306F73123919}.Debug|Any CPU.Build.0 = Debug|Any CPU
		{87C53454-CC3F-4B48-8D7B-306F73123919}.Release|Any CPU.ActiveCfg = Release|Any CPU
		{87C53454-CC3F-4B48-8D7B-306F73123919}.Release|Any CPU.Build.0 = Release|Any CPU
		{31D087EF-1156-4E05-9F3B-E5FE0ABD273A}.Debug|Any CPU.ActiveCfg = Debug|Any CPU
		{31D087EF-1156-4E05-9F3B-E5FE0ABD273A}.Debug|Any CPU.Build.0 = Debug|Any CPU
		{31D087EF-1156-4E05-9F3B-E5FE0ABD273A}.Release|Any CPU.ActiveCfg = Release|Any CPU
		{31D087EF-1156-4E05-9F3B-E5FE0ABD273A}.Release|Any CPU.Build.0 = Release|Any CPU
	EndGlobalSection
	GlobalSection(SolutionProperties) = preSolution
		HideSolutionNode = FALSE
	EndGlobalSection
	GlobalSection(ExtensibilityGlobals) = postSolution
		SolutionGuid = {68CF9F38-9D52-4CB2-8612-BCEFC7C43720}
	EndGlobalSection
EndGlobal
